
Microsoft Visual Studio Solution File, Format Version 12.00
# Visual Studio Version 17
VisualStudioVersion = 17.9.34714.143
MinimumVisualStudioVersion = 10.0.40219.1
Project("{FAE04EC0-301F-11D3-BF4B-00C04F79EFBC}") = "Avt", "Avt\Avt.csproj", "{7466FB6E-E06E-466C-B40B-08925A1E2F78}"
EndProject
Global
	GlobalSection(SolutionConfigurationPlatforms) = preSolution
		Debug|Any CPU = Debug|Any CPU
		Release|Any CPU = Release|Any CPU
	EndGlobalSection
	GlobalSection(ProjectConfigurationPlatforms) = postSolution
		{7466FB6E-E06E-466C-B40B-08925A1E2F78}.Debug|Any CPU.ActiveCfg = Debug|Any CPU
		{7466FB6E-E06E-466C-B40B-08925A1E2F78}.Debug|Any CPU.Build.0 = Debug|Any CPU
		{7466FB6E-E06E-466C-B40B-08925A1E2F78}.Release|Any CPU.ActiveCfg = Release|Any CPU
		{7466FB6E-E06E-466C-B40B-08925A1E2F78}.Release|Any CPU.Build.0 = Release|Any CPU
	EndGlobalSection
	GlobalSection(SolutionProperties) = preSolution
		HideSolutionNode = FALSE
	EndGlobalSection
	GlobalSection(ExtensibilityGlobals) = postSolution
		SolutionGuid = {D41E4178-1A63-4A48-8495-C1D57609D9E5}
	EndGlobalSection
EndGlobal
